<?xml version="1.0" encoding="utf-8"?>
<Project ToolsVersion="4.0" xmlns="http://schemas.microsoft.com/developer/msbuild/2003">
  <ItemGroup>
    <Filter Include="Source Files">
      <UniqueIdentifier>{4FC737F1-C7A5-4376-A066-2A32D752A2FF}</UniqueIdentifier>
      <Extensions>cpp;c;cc;cxx;c++;cppm;ixx;def;odl;idl;hpj;bat;asm;asmx</Extensions>
    </Filter>
    <Filter Include="Header Files">
      <UniqueIdentifier>{93995380-89BD-4b04-88EB-625FBE52EBFB}</UniqueIdentifier>
      <Extensions>h;hh;hpp;hxx;h++;hm;inl;inc;ipp;xsd</Extensions>
    </Filter>
    <Filter Include="Resource Files">
      <UniqueIdentifier>{67DA6AB6-F800-4c08-8B7A-83BB121AAD01}</UniqueIdentifier>
      <Extensions>rc;ico;cur;bmp;dlg;rc2;rct;bin;rgs;gif;jpg;jpeg;jpe;resx;tiff;tif;png;wav;mfcribbon-ms</Extensions>
    </Filter>
  </ItemGroup>
  <ItemGroup>
    <ClInclude Include="Src\HashManager.h">
      <Filter>Header Files</Filter>
    </ClInclude>
    <ClInclude Include="Src\TelltaleToolLibrary.h">
      <Filter>Header Files</Filter>
    </ClInclude>
    <ClInclude Include="Src\Meta.hpp">
      <Filter>Header Files</Filter>
    </ClInclude>
    <ClInclude Include="Src\DataStream\DataStream.h">
      <Filter>Header Files</Filter>
    </ClInclude>
    <ClInclude Include="Src\Blowfish.h">
      <Filter>Header Files</Filter>
    </ClInclude>
    <ClInclude Include="Src\Compression.h">
      <Filter>Header Files</Filter>
    </ClInclude>
    <ClInclude Include="Src\Zlib\crc32.h">
      <Filter>Header Files</Filter>
    </ClInclude>
    <ClInclude Include="Src\Zlib\deflate.h">
      <Filter>Header Files</Filter>
    </ClInclude>
    <ClInclude Include="Src\Zlib\inffast.h">
      <Filter>Header Files</Filter>
    </ClInclude>
    <ClInclude Include="Src\Zlib\inffixed.h">
      <Filter>Header Files</Filter>
    </ClInclude>
    <ClInclude Include="Src\Zlib\inflate.h">
      <Filter>Header Files</Filter>
    </ClInclude>
    <ClInclude Include="Src\Zlib\inftrees.h">
      <Filter>Header Files</Filter>
    </ClInclude>
    <ClInclude Include="Src\Zlib\trees.h">
      <Filter>Header Files</Filter>
    </ClInclude>
    <ClInclude Include="Src\Zlib\zconf.h">
      <Filter>Header Files</Filter>
    </ClInclude>
    <ClInclude Include="Src\Zlib\zlib.h">
      <Filter>Header Files</Filter>
    </ClInclude>
    <ClInclude Include="Src\Zlib\zutil.h">
      <Filter>Header Files</Filter>
    </ClInclude>
    <ClInclude Include="Src\Types\HandleObjectInfo.h">
      <Filter>Header Files</Filter>
    </ClInclude>
    <ClInclude Include="Src\Types\DCArray.h">
      <Filter>Header Files</Filter>
    </ClInclude>
    <ClInclude Include="Src\Types\Container.h">
      <Filter>Header Files</Filter>
    </ClInclude>
    <ClInclude Include="Src\Types\TypeIncludes.h">
      <Filter>Header Files</Filter>
    </ClInclude>
    <ClInclude Include="Src\MetaInitialize.h">
      <Filter>Header Files</Filter>
    </ClInclude>
    <ClInclude Include="Src\Types\SArray.h">
      <Filter>Header Files</Filter>
    </ClInclude>
    <ClInclude Include="Src\Types\ObjectSpaceIntrinsics.h">
      <Filter>Header Files</Filter>
    </ClInclude>
    <ClInclude Include="Src\Types\Set.h">
      <Filter>Header Files</Filter>
    </ClInclude>
    <ClInclude Include="Src\Types\List.h">
      <Filter>Header Files</Filter>
    </ClInclude>
    <ClInclude Include="Src\Types\Deque.h">
      <Filter>Header Files</Filter>
    </ClInclude>
    <ClInclude Include="Src\Types\Map.h">
      <Filter>Header Files</Filter>
    </ClInclude>
    <ClInclude Include="Src\Types\PropertySet.h">
      <Filter>Header Files</Filter>
    </ClInclude>
    <ClInclude Include="Src\TTArchive2.hpp">
      <Filter>Header Files</Filter>
    </ClInclude>
  </ItemGroup>
  <ItemGroup>
    <ClCompile Include="Src\TelltaleToolLibrary.cpp">
      <Filter>Source Files</Filter>
    </ClCompile>
    <ClCompile Include="Src\Meta.cpp">
      <Filter>Source Files</Filter>
    </ClCompile>
    <ClCompile Include="Src\DataStream\DataStream.cpp">
      <Filter>Source Files</Filter>
    </ClCompile>
    <ClCompile Include="Src\Blowfish.cpp">
      <Filter>Source Files</Filter>
    </ClCompile>
    <ClCompile Include="Src\Test\main.cpp">
      <Filter>Source Files</Filter>
    </ClCompile>
    <ClCompile Include="Src\Compression.cpp">
      <Filter>Source Files</Filter>
    </ClCompile>
    <ClCompile Include="Src\Zlib\adler32.c">
      <Filter>Source Files</Filter>
    </ClCompile>
    <ClCompile Include="Src\Zlib\compress.c">
      <Filter>Source Files</Filter>
    </ClCompile>
    <ClCompile Include="Src\Zlib\crc32.c">
      <Filter>Source Files</Filter>
    </ClCompile>
    <ClCompile Include="Src\Zlib\deflate.c">
      <Filter>Source Files</Filter>
    </ClCompile>
    <ClCompile Include="Src\Zlib\infback.c">
      <Filter>Source Files</Filter>
    </ClCompile>
    <ClCompile Include="Src\Zlib\inffast.c">
      <Filter>Source Files</Filter>
    </ClCompile>
    <ClCompile Include="Src\Zlib\inflate.c">
      <Filter>Source Files</Filter>
    </ClCompile>
    <ClCompile Include="Src\Zlib\inftrees.c">
      <Filter>Source Files</Filter>
    </ClCompile>
    <ClCompile Include="Src\Zlib\trees.c">
      <Filter>Source Files</Filter>
    </ClCompile>
    <ClCompile Include="Src\Zlib\uncompr.c">
      <Filter>Source Files</Filter>
    </ClCompile>
    <ClCompile Include="Src\Zlib\zutil.c">
      <Filter>Source Files</Filter>
    </ClCompile>
    <ClCompile Include="Src\TTArchive2.cpp">
      <Filter>Source Files</Filter>
    </ClCompile>
  </ItemGroup>
  <ItemGroup>
    <None Include="TelltaleToolLib.licenseheader" />
    <None Include=".gitignore" />
    <None Include=".gitattributes" />
    <None Include="README.md" />
    <None Include="Src\Test\in.prop" />
    <None Include="Src\Test\testing.prop" />
    <None Include="Src\Test\out.prop" />
  </ItemGroup>
  <ItemGroup>
    <Text Include="Doc\Formats.txt" />
    <Text Include="Src\todo.txt" />
    <Text Include="Doc\GameIDs.txt" />
  </ItemGroup>
</Project>