<?xml version="1.0" encoding="utf-8"?>
<Project ToolsVersion="4.0" xmlns="http://schemas.microsoft.com/developer/msbuild/2003">
  <ItemGroup>
    <ClCompile Include="Src\Blowfish.cpp" />
    <ClCompile Include="Src\Compression.cpp" />
    <ClCompile Include="Src\DataStream\DataStream.cpp" />
    <ClCompile Include="Src\HashDB\HashDB.cpp" />
    <ClCompile Include="Src\Meta.cpp" />
    <ClCompile Include="Src\TelltaleEditor\CLI_Interface.cpp" />
    <ClCompile Include="Src\TelltaleToolLibrary.cpp" />
    <ClCompile Include="Src\Test\main.cpp" />
    <ClCompile Include="Src\TTArchive2.cpp" />
    <ClCompile Include="Src\Zlib\adler32.c" />
    <ClCompile Include="Src\Zlib\compress.c" />
    <ClCompile Include="Src\Zlib\crc32.c" />
    <ClCompile Include="Src\Zlib\deflate.c" />
    <ClCompile Include="Src\Zlib\infback.c" />
    <ClCompile Include="Src\Zlib\inffast.c" />
    <ClCompile Include="Src\Zlib\inflate.c" />
    <ClCompile Include="Src\Zlib\inftrees.c" />
    <ClCompile Include="Src\Zlib\trees.c" />
    <ClCompile Include="Src\Zlib\uncompr.c" />
    <ClCompile Include="Src\Zlib\zutil.c" />
    <ClCompile Include="Src\Types\T3Texture.cpp" />
  </ItemGroup>
  <ItemGroup>
    <ClInclude Include="Src\Blowfish.h" />
    <ClInclude Include="Src\Compression.h" />
    <ClInclude Include="Src\DataStream\DataStream.h" />
    <ClInclude Include="Src\HashDB\HashDB.h" />
    <ClInclude Include="Src\MetaInitialize.h" />
    <ClInclude Include="Src\TelltaleEditor\TEditor.h" />
    <ClInclude Include="Src\TTArchive2.hpp" />
    <ClInclude Include="Src\Types\Container.h" />
    <ClInclude Include="Src\Types\DCArray.h" />
    <ClInclude Include="Src\Types\Deque.h" />
    <ClInclude Include="Src\Types\HandleObjectInfo.h" />
    <ClInclude Include="Src\HashManager.h" />
    <ClInclude Include="Src\Meta.hpp" />
    <ClInclude Include="Src\TelltaleToolLibrary.h" />
    <ClInclude Include="Src\Types\List.h" />
    <ClInclude Include="Src\Types\Map.h" />
    <ClInclude Include="Src\Types\ObjectSpaceIntrinsics.h" />
    <ClInclude Include="Src\Types\PropertySet.h" />
    <ClInclude Include="Src\Types\Rect.h" />
    <ClInclude Include="Src\Types\SArray.h" />
    <ClInclude Include="Src\Types\Set.h" />
    <ClInclude Include="Src\Types\Skeleton.h" />
    <ClInclude Include="Src\Types\TRange.h" />
    <ClInclude Include="Src\Types\TypeIncludes.h" />
    <ClInclude Include="Src\Zlib\crc32.h" />
    <ClInclude Include="Src\Zlib\deflate.h" />
    <ClInclude Include="Src\Zlib\inffast.h" />
    <ClInclude Include="Src\Zlib\inffixed.h" />
    <ClInclude Include="Src\Zlib\inflate.h" />
    <ClInclude Include="Src\Zlib\inftrees.h" />
    <ClInclude Include="Src\Zlib\trees.h" />
    <ClInclude Include="Src\Zlib\zconf.h" />
    <ClInclude Include="Src\Zlib\zlib.h" />
    <ClInclude Include="Src\Zlib\zutil.h" />
    <ClInclude Include="Src\TelltaleEditor\dirent.h" />
    <ClInclude Include="Src\Types\ActorAgentMapper.h" />
    <ClInclude Include="Src\Types\AgentMap.h" />
    <ClInclude Include="Src\Types\SoundBusSystem.h" />
    <ClInclude Include="Src\Types\AssetCollection.h" />
    <ClInclude Include="Src\Types\InputMapper.h" />
    <ClInclude Include="Src\Types\Scene.h" />
    <ClInclude Include="Src\Types\DlgSystemSettings.h" />
    <ClInclude Include="Src\Types\EnlightenData.h" />
    <ClInclude Include="Src\Types\SoundReverbDefinition.h" />
    <ClInclude Include="Src\Types\T3Texture.h" />
    <ClInclude Include="Src\Types\LocalizationRegistry.h" />
    <ClInclude Include="Src\Types\LanguageLookupMap.h" />
    <ClInclude Include="Src\Types\Dialog.h" />
    <ClInclude Include="Src\Types\ToolProps.h" />
    <ClInclude Include="Src\Types\TransitionMap.h" />
    <ClInclude Include="Src\Types\KeyframedValue.h" />
    <ClInclude Include="Src\Types\AnimatedValueInterface.h" />
    <ClInclude Include="Src\Types\WalkBoxes.h" />
    <ClInclude Include="Src\Types\SoundFootsteps.h" />
    <ClInclude Include="Src\Types\SoundEventBankMap.h" />
    <ClInclude Include="Src\Types\StyleGuide.h" />
    <ClInclude Include="Src\Types\AnimOrChore.h" />
    <ClInclude Include="Src\Types\Animation.h" />
    <ClInclude Include="Src\Types\Chore.h" />
  </ItemGroup>
  <ItemGroup>
    <None Include=".gitattributes" />
    <None Include=".gitignore" />
    <None Include="README.md" />
    <None Include="Src\Test\in.prop" />
    <None Include="Src\Test\out.prop" />
    <None Include="Src\Test\testing.prop" />
    <None Include="TelltaleToolLib.licenseheader" />
  </ItemGroup>
  <ItemGroup>
    <Text Include="Doc\Formats.txt" />
    <Text Include="Doc\GameIDs.txt" />
    <Text Include="Src\todo.txt" />
  </ItemGroup>
</Project>